{
  "name": "@chromesync/auth-executor",
  "version": "0.1.0",
  "lockfileVersion": 3,
  "requires": true,
  "packages": {
    "": {
      "name": "@chromesync/auth-executor",
      "version": "0.1.0",
      "dependencies": {
        "@1password/sdk": "0.5.0"
      },
      "engines": {
        "node": ">=22"
      }
    },
    "node_modules/@1password/sdk": {
      "version": "0.5.0",
      "resolved": "https://registry.npmjs.org/@1password/sdk/-/sdk-0.5.0.tgz",
      "integrity": "sha512-k6kov3pcA7PRg2tev9CgTfEf/3JSyAp11BPQNCEsqAD32QbqM032OXC1rfjyC8Ba0sfH+NHYZxcifUZToyGyYA==",
      "license": "MIT",
      "dependencies": {
        "@1password/sdk-core": "0.5.0"
      }
    },
    "node_modules/@1password/sdk-core": {
      "version": "0.5.0",
      "resolved": "https://registry.npmjs.org/@1password/sdk-core/-/sdk-core-0.5.0.tgz",
      "integrity": "sha512-9g7LWOKRKdePZ85evVgE9xEom3DAg3hRIyQdOwLPvpL/F7KpDXmUHMi72rsqJxKaDbWApXmrYjDExMSPqUg7xw==",
      "license": "MIT"
    }
  }
}
